
Microsoft Visual Studio Solution File, Format Version 12.00
# Visual Studio 15
VisualStudioVersion = 15.0.27428.2037
MinimumVisualStudioVersion = 10.0.40219.1
Project("{F184B08F-C81C-45F6-A57F-5ABD9991F28F}") = "Quality Report", "Quality Report\Quality Report.vbproj", "{54E3BF9A-76F8-4A16-8219-40A17CC06F53}"
EndProject
Global
	GlobalSection(SolutionConfigurationPlatforms) = preSolution
		Debug|Any CPU = Debug|Any CPU
		Release|Any CPU = Release|Any CPU
	EndGlobalSection
	GlobalSection(ProjectConfigurationPlatforms) = postSolution
		{54E3BF9A-76F8-4A16-8219-40A17CC06F53}.Debug|Any CPU.ActiveCfg = Debug|Any CPU
		{54E3BF9A-76F8-4A16-8219-40A17CC06F53}.Debug|Any CPU.Build.0 = Debug|Any CPU
		{54E3BF9A-76F8-4A16-8219-40A17CC06F53}.Release|Any CPU.ActiveCfg = Release|Any CPU
		{54E3BF9A-76F8-4A16-8219-40A17CC06F53}.Release|Any CPU.Build.0 = Release|Any CPU
	EndGlobalSection
	GlobalSection(SolutionProperties) = preSolution
		HideSolutionNode = FALSE
	EndGlobalSection
	GlobalSection(ExtensibilityGlobals) = postSolution
		SolutionGuid = {4C562E0F-5CF3-4B38-8C4D-26DC98377C34}
	EndGlobalSection
EndGlobal
